
Microsoft Visual Studio Solution File, Format Version 12.00
# Visual Studio 14
VisualStudioVersion = 14.0.23107.0
MinimumVisualStudioVersion = 10.0.40219.1
Project("{FAE04EC0-301F-11D3-BF4B-00C04F79EFBC}") = "DevAudit.AuditLibrary", "DevAudit.AuditLibrary\DevAudit.AuditLibrary.Mono.csproj", "{36F663F6-4B5C-441F-B11A-9CC556D1C1FE}"
EndProject
Project("{FAE04EC0-301F-11D3-BF4B-00C04F79EFBC}") = "DevAudit.CommandLine", "DevAudit.CommandLine\DevAudit.CommandLine.Mono.csproj", "{86EE75FC-D05D-42BC-B2C2-B80CF3734332}"
EndProject
Project("{FAE04EC0-301F-11D3-BF4B-00C04F79EFBC}") = "Expect", "Expect.NET\Expect.csproj", "{8AA52B5E-DB66-4B0B-AABA-9E6900BC3D5A}"
EndProject
Project("{FAE04EC0-301F-11D3-BF4B-00C04F79EFBC}") = "Renci.SshNet", "Renci.SshNet\Renci.SshNet.csproj", "{2F5F8C90-0BD1-424F-997C-7BC6280919D1}"
EndProject
Global
	GlobalSection(SolutionConfigurationPlatforms) = preSolution
		Debug|Any CPU = Debug|Any CPU
		Release|Any CPU = Release|Any CPU
	EndGlobalSection
	GlobalSection(ProjectConfigurationPlatforms) = postSolution
		{36F663F6-4B5C-441F-B11A-9CC556D1C1FE}.Debug|Any CPU.ActiveCfg = Debug|Any CPU
		{36F663F6-4B5C-441F-B11A-9CC556D1C1FE}.Debug|Any CPU.Build.0 = Debug|Any CPU
		{36F663F6-4B5C-441F-B11A-9CC556D1C1FE}.Release|Any CPU.ActiveCfg = Release|Any CPU
		{36F663F6-4B5C-441F-B11A-9CC556D1C1FE}.Release|Any CPU.Build.0 = Release|Any CPU
		{55B89480-3482-4E8F-BD46-6FB07DC155AD}.Debug|Any CPU.ActiveCfg = Debug|Any CPU
		{55B89480-3482-4E8F-BD46-6FB07DC155AD}.Debug|Any CPU.Build.0 = Debug|Any CPU
		{55B89480-3482-4E8F-BD46-6FB07DC155AD}.Release|Any CPU.ActiveCfg = Release|Any CPU
		{55B89480-3482-4E8F-BD46-6FB07DC155AD}.Release|Any CPU.Build.0 = Release|Any CPU
		{86EE75FC-D05D-42BC-B2C2-B80CF3734332}.Debug|Any CPU.ActiveCfg = Debug|Any CPU
		{86EE75FC-D05D-42BC-B2C2-B80CF3734332}.Debug|Any CPU.Build.0 = Debug|Any CPU
		{86EE75FC-D05D-42BC-B2C2-B80CF3734332}.Release|Any CPU.ActiveCfg = Release|Any CPU
		{86EE75FC-D05D-42BC-B2C2-B80CF3734332}.Release|Any CPU.Build.0 = Release|Any CPU
		{8AA52B5E-DB66-4B0B-AABA-9E6900BC3D5A}.Debug|Any CPU.ActiveCfg = Debug|Any CPU
		{8AA52B5E-DB66-4B0B-AABA-9E6900BC3D5A}.Debug|Any CPU.Build.0 = Debug|Any CPU
		{8AA52B5E-DB66-4B0B-AABA-9E6900BC3D5A}.Nuget|Any CPU.ActiveCfg = Nuget|Any CPU
		{8AA52B5E-DB66-4B0B-AABA-9E6900BC3D5A}.Nuget|Any CPU.Build.0 = Nuget|Any CPU
		{8AA52B5E-DB66-4B0B-AABA-9E6900BC3D5A}.Release|Any CPU.ActiveCfg = Release|Any CPU
		{8AA52B5E-DB66-4B0B-AABA-9E6900BC3D5A}.Release|Any CPU.Build.0 = Release|Any CPU
		{2F5F8C90-0BD1-424F-997C-7BC6280919D1}.Debug|Any CPU.ActiveCfg = Debug|Any CPU
		{2F5F8C90-0BD1-424F-997C-7BC6280919D1}.Debug|Any CPU.Build.0 = Debug|Any CPU
		{2F5F8C90-0BD1-424F-997C-7BC6280919D1}.Nuget|Any CPU.ActiveCfg = Release|Any CPU
		{2F5F8C90-0BD1-424F-997C-7BC6280919D1}.Nuget|Any CPU.Build.0 = Release|Any CPU
		{2F5F8C90-0BD1-424F-997C-7BC6280919D1}.Release|Any CPU.ActiveCfg = Release|Any CPU
		{2F5F8C90-0BD1-424F-997C-7BC6280919D1}.Release|Any CPU.Build.0 = Release|Any CPU
	EndGlobalSection
	GlobalSection(SolutionProperties) = preSolution
		HideSolutionNode = FALSE
	EndGlobalSection
EndGlobal
