
Microsoft Visual Studio Solution File, Format Version 12.00
# Visual Studio 15
VisualStudioVersion = 15.0.28010.2048
MinimumVisualStudioVersion = 10.0.40219.1
Project("{FAE04EC0-301F-11D3-BF4B-00C04F79EFBC}") = "DevAudit.AuditLibrary", "DevAudit.AuditLibrary\DevAudit.AuditLibrary.csproj", "{36F663F6-4B5C-441F-B11A-9CC556D1C1FE}"
EndProject
Project("{FAE04EC0-301F-11D3-BF4B-00C04F79EFBC}") = "DevAudit.CommandLine", "DevAudit.CommandLine\DevAudit.CommandLine.csproj", "{86EE75FC-D05D-42BC-B2C2-B80CF3734332}"
EndProject
Project("{FAE04EC0-301F-11D3-BF4B-00C04F79EFBC}") = "Expect", "Expect.NET\Expect.csproj", "{8AA52B5E-DB66-4B0B-AABA-9E6900BC3D5A}"
EndProject
Project("{FAE04EC0-301F-11D3-BF4B-00C04F79EFBC}") = "Renci.SshNet", "Renci.SshNet\Renci.SshNet.csproj", "{2F5F8C90-0BD1-424F-997C-7BC6280919D1}"
EndProject
Project("{2150E333-8FDC-42A3-9474-1A3956D46DE8}") = "Solution Items", "Solution Items", "{214479BB-441E-4A96-8F67-74690790AD98}"
	ProjectSection(SolutionItems) = preProject
		build-netcore.cmd = build-netcore.cmd
		build-release.cmd = build-release.cmd
		build-release.sh = build-release.sh
		build.cmd = build.cmd
		build.sh = build.sh
		BuildCommon\Common.targets = BuildCommon\Common.targets
		devaudit = devaudit
		devaudit-docker.sh = devaudit-docker.sh
		BuildCommon\devaudit-run-linux.sh = BuildCommon\devaudit-run-linux.sh
		devaudit.cmd = devaudit.cmd
		devaudit.mono.cmd = devaudit.mono.cmd
		Dockerfile = Dockerfile
		BuildCommon\Mono.Common.targets = BuildCommon\Mono.Common.targets
		NuGet.config = NuGet.config
		README.md = README.md
		run-distro-container.sh = run-distro-container.sh
		docker\tests\run-httpd-container.sh = docker\tests\run-httpd-container.sh
		docker\tests\run-mysql-container.sh = docker\tests\run-mysql-container.sh
		docker\tests\run-pgsql-container.sh = docker\tests\run-pgsql-container.sh
		test.cmd = test.cmd
	EndProjectSection
EndProject
Project("{FAE04EC0-301F-11D3-BF4B-00C04F79EFBC}") = "DevAudit.Tests", "DevAudit.Tests\DevAudit.Tests.csproj", "{69D9BD41-1B7C-4DC0-9B06-1DDAA8F7BBA6}"
EndProject
Project("{FAE04EC0-301F-11D3-BF4B-00C04F79EFBC}") = "DevAudit.Tests.VMRequired", "DevAudit.Tests.VMRequired\DevAudit.Tests.VMRequired.csproj", "{9136CDB4-7E20-47F2-986D-D57B9AEB70D4}"
EndProject
Global
	GlobalSection(SolutionConfigurationPlatforms) = preSolution
		Debug|Any CPU = Debug|Any CPU
		Nuget|Any CPU = Nuget|Any CPU
		Release|Any CPU = Release|Any CPU
		RuntimeDebug|Any CPU = RuntimeDebug|Any CPU
		VMRequiredTests|Any CPU = VMRequiredTests|Any CPU
	EndGlobalSection
	GlobalSection(ProjectConfigurationPlatforms) = postSolution
		{36F663F6-4B5C-441F-B11A-9CC556D1C1FE}.Debug|Any CPU.ActiveCfg = Debug|Any CPU
		{36F663F6-4B5C-441F-B11A-9CC556D1C1FE}.Debug|Any CPU.Build.0 = Debug|Any CPU
		{36F663F6-4B5C-441F-B11A-9CC556D1C1FE}.Nuget|Any CPU.ActiveCfg = Build|Any CPU
		{36F663F6-4B5C-441F-B11A-9CC556D1C1FE}.Nuget|Any CPU.Build.0 = Build|Any CPU
		{36F663F6-4B5C-441F-B11A-9CC556D1C1FE}.Release|Any CPU.ActiveCfg = Release|Any CPU
		{36F663F6-4B5C-441F-B11A-9CC556D1C1FE}.Release|Any CPU.Build.0 = Release|Any CPU
		{36F663F6-4B5C-441F-B11A-9CC556D1C1FE}.RuntimeDebug|Any CPU.ActiveCfg = Debug|Any CPU
		{36F663F6-4B5C-441F-B11A-9CC556D1C1FE}.RuntimeDebug|Any CPU.Build.0 = Debug|Any CPU
		{36F663F6-4B5C-441F-B11A-9CC556D1C1FE}.VMRequiredTests|Any CPU.ActiveCfg = Debug|Any CPU
		{36F663F6-4B5C-441F-B11A-9CC556D1C1FE}.VMRequiredTests|Any CPU.Build.0 = Debug|Any CPU
		{86EE75FC-D05D-42BC-B2C2-B80CF3734332}.Debug|Any CPU.ActiveCfg = Debug|Any CPU
		{86EE75FC-D05D-42BC-B2C2-B80CF3734332}.Debug|Any CPU.Build.0 = Debug|Any CPU
		{86EE75FC-D05D-42BC-B2C2-B80CF3734332}.Nuget|Any CPU.ActiveCfg = Build|Any CPU
		{86EE75FC-D05D-42BC-B2C2-B80CF3734332}.Nuget|Any CPU.Build.0 = Build|Any CPU
		{86EE75FC-D05D-42BC-B2C2-B80CF3734332}.Release|Any CPU.ActiveCfg = Release|Any CPU
		{86EE75FC-D05D-42BC-B2C2-B80CF3734332}.Release|Any CPU.Build.0 = Release|Any CPU
		{86EE75FC-D05D-42BC-B2C2-B80CF3734332}.RuntimeDebug|Any CPU.ActiveCfg = Debug|Any CPU
		{86EE75FC-D05D-42BC-B2C2-B80CF3734332}.RuntimeDebug|Any CPU.Build.0 = Debug|Any CPU
		{86EE75FC-D05D-42BC-B2C2-B80CF3734332}.VMRequiredTests|Any CPU.ActiveCfg = Debug|Any CPU
		{86EE75FC-D05D-42BC-B2C2-B80CF3734332}.VMRequiredTests|Any CPU.Build.0 = Debug|Any CPU
		{8AA52B5E-DB66-4B0B-AABA-9E6900BC3D5A}.Debug|Any CPU.ActiveCfg = Debug|Any CPU
		{8AA52B5E-DB66-4B0B-AABA-9E6900BC3D5A}.Debug|Any CPU.Build.0 = Debug|Any CPU
		{8AA52B5E-DB66-4B0B-AABA-9E6900BC3D5A}.Nuget|Any CPU.ActiveCfg = Nuget|Any CPU
		{8AA52B5E-DB66-4B0B-AABA-9E6900BC3D5A}.Nuget|Any CPU.Build.0 = Nuget|Any CPU
		{8AA52B5E-DB66-4B0B-AABA-9E6900BC3D5A}.Release|Any CPU.ActiveCfg = Release|Any CPU
		{8AA52B5E-DB66-4B0B-AABA-9E6900BC3D5A}.Release|Any CPU.Build.0 = Release|Any CPU
		{8AA52B5E-DB66-4B0B-AABA-9E6900BC3D5A}.RuntimeDebug|Any CPU.ActiveCfg = Debug|Any CPU
		{8AA52B5E-DB66-4B0B-AABA-9E6900BC3D5A}.RuntimeDebug|Any CPU.Build.0 = Debug|Any CPU
		{8AA52B5E-DB66-4B0B-AABA-9E6900BC3D5A}.VMRequiredTests|Any CPU.ActiveCfg = Debug|Any CPU
		{8AA52B5E-DB66-4B0B-AABA-9E6900BC3D5A}.VMRequiredTests|Any CPU.Build.0 = Debug|Any CPU
		{2F5F8C90-0BD1-424F-997C-7BC6280919D1}.Debug|Any CPU.ActiveCfg = Debug|Any CPU
		{2F5F8C90-0BD1-424F-997C-7BC6280919D1}.Debug|Any CPU.Build.0 = Debug|Any CPU
		{2F5F8C90-0BD1-424F-997C-7BC6280919D1}.Nuget|Any CPU.ActiveCfg = Release|Any CPU
		{2F5F8C90-0BD1-424F-997C-7BC6280919D1}.Nuget|Any CPU.Build.0 = Release|Any CPU
		{2F5F8C90-0BD1-424F-997C-7BC6280919D1}.Release|Any CPU.ActiveCfg = Release|Any CPU
		{2F5F8C90-0BD1-424F-997C-7BC6280919D1}.Release|Any CPU.Build.0 = Release|Any CPU
		{2F5F8C90-0BD1-424F-997C-7BC6280919D1}.RuntimeDebug|Any CPU.ActiveCfg = Debug|Any CPU
		{2F5F8C90-0BD1-424F-997C-7BC6280919D1}.RuntimeDebug|Any CPU.Build.0 = Debug|Any CPU
		{2F5F8C90-0BD1-424F-997C-7BC6280919D1}.VMRequiredTests|Any CPU.ActiveCfg = Debug|Any CPU
		{2F5F8C90-0BD1-424F-997C-7BC6280919D1}.VMRequiredTests|Any CPU.Build.0 = Debug|Any CPU
		{69D9BD41-1B7C-4DC0-9B06-1DDAA8F7BBA6}.Debug|Any CPU.ActiveCfg = Debug|Any CPU
		{69D9BD41-1B7C-4DC0-9B06-1DDAA8F7BBA6}.Debug|Any CPU.Build.0 = Debug|Any CPU
		{69D9BD41-1B7C-4DC0-9B06-1DDAA8F7BBA6}.Nuget|Any CPU.ActiveCfg = Release|Any CPU
		{69D9BD41-1B7C-4DC0-9B06-1DDAA8F7BBA6}.Nuget|Any CPU.Build.0 = Release|Any CPU
		{69D9BD41-1B7C-4DC0-9B06-1DDAA8F7BBA6}.Release|Any CPU.ActiveCfg = Release|Any CPU
		{69D9BD41-1B7C-4DC0-9B06-1DDAA8F7BBA6}.Release|Any CPU.Build.0 = Release|Any CPU
		{69D9BD41-1B7C-4DC0-9B06-1DDAA8F7BBA6}.RuntimeDebug|Any CPU.ActiveCfg = Debug|Any CPU
		{69D9BD41-1B7C-4DC0-9B06-1DDAA8F7BBA6}.RuntimeDebug|Any CPU.Build.0 = Debug|Any CPU
		{69D9BD41-1B7C-4DC0-9B06-1DDAA8F7BBA6}.VMRequiredTests|Any CPU.ActiveCfg = Debug|Any CPU
		{69D9BD41-1B7C-4DC0-9B06-1DDAA8F7BBA6}.VMRequiredTests|Any CPU.Build.0 = Debug|Any CPU
		{9136CDB4-7E20-47F2-986D-D57B9AEB70D4}.Debug|Any CPU.ActiveCfg = Debug|Any CPU
		{9136CDB4-7E20-47F2-986D-D57B9AEB70D4}.Debug|Any CPU.Build.0 = Debug|Any CPU
		{9136CDB4-7E20-47F2-986D-D57B9AEB70D4}.Nuget|Any CPU.ActiveCfg = Release|Any CPU
		{9136CDB4-7E20-47F2-986D-D57B9AEB70D4}.Nuget|Any CPU.Build.0 = Release|Any CPU
		{9136CDB4-7E20-47F2-986D-D57B9AEB70D4}.Release|Any CPU.ActiveCfg = Release|Any CPU
		{9136CDB4-7E20-47F2-986D-D57B9AEB70D4}.Release|Any CPU.Build.0 = Release|Any CPU
		{9136CDB4-7E20-47F2-986D-D57B9AEB70D4}.RuntimeDebug|Any CPU.ActiveCfg = Debug|Any CPU
		{9136CDB4-7E20-47F2-986D-D57B9AEB70D4}.VMRequiredTests|Any CPU.ActiveCfg = Debug|Any CPU
		{9136CDB4-7E20-47F2-986D-D57B9AEB70D4}.VMRequiredTests|Any CPU.Build.0 = Debug|Any CPU
	EndGlobalSection
	GlobalSection(SolutionProperties) = preSolution
		HideSolutionNode = FALSE
	EndGlobalSection
	GlobalSection(ExtensibilityGlobals) = postSolution
		SolutionGuid = {F6AA0664-9A44-46D8-BF96-E20D97A94ACA}
	EndGlobalSection
EndGlobal
